// !$*UTF8*$!
{
	archiveVersion = 1;
	classes = {
	};
	objectVersion = 46;
	objects = {

/* Begin PBXBuildFile section */
		3D0CC8B3138C9E5800772BAF /* Foundation.framework in Frameworks */ = {isa = PBXBuildFile; fileRef = 3D0CC8B2138C9E5800772BAF /* Foundation.framework */; };
		3D0CC8C6138CA0E500772BAF /* IkhoyoViewController.h in Headers */ = {isa = PBXBuildFile; fileRef = 3D0CC8C4138CA0E500772BAF /* IkhoyoViewController.h */; };
		3D0CC8C7138CA0E500772BAF /* IkhoyoViewController.m in Sources */ = {isa = PBXBuildFile; fileRef = 3D0CC8C5138CA0E500772BAF /* IkhoyoViewController.m */; };
		3D0CC8C9138CC31800772BAF /* IkhoyoDelegate.h in Headers */ = {isa = PBXBuildFile; fileRef = 3D0CC8C8138CC31800772BAF /* IkhoyoDelegate.h */; };
		3D0CC8CC138CC49F00772BAF /* IkhoyoDynamicTabBarController.h in Headers */ = {isa = PBXBuildFile; fileRef = 3D0CC8CA138CC49E00772BAF /* IkhoyoDynamicTabBarController.h */; };
		3D0CC8CD138CC49F00772BAF /* IkhoyoDynamicTabBarController.m in Sources */ = {isa = PBXBuildFile; fileRef = 3D0CC8CB138CC49E00772BAF /* IkhoyoDynamicTabBarController.m */; };
		3D0CC8D0138CC5C000772BAF /* IkhoyoDynamicTabViewController.h in Headers */ = {isa = PBXBuildFile; fileRef = 3D0CC8CE138CC5BF00772BAF /* IkhoyoDynamicTabViewController.h */; };
		3D0CC8D1138CC5C000772BAF /* IkhoyoDynamicTabViewController.m in Sources */ = {isa = PBXBuildFile; fileRef = 3D0CC8CF138CC5BF00772BAF /* IkhoyoDynamicTabViewController.m */; };
		3DF7A5EC138DD84000B28F22 /* IkhoyoWebViewController.h in Headers */ = {isa = PBXBuildFile; fileRef = 3DF7A5EA138DD83F00B28F22 /* IkhoyoWebViewController.h */; };
		3DF7A5ED138DD84000B28F22 /* IkhoyoWebViewController.m in Sources */ = {isa = PBXBuildFile; fileRef = 3DF7A5EB138DD83F00B28F22 /* IkhoyoWebViewController.m */; };
		3DF7A5F1138DD91400B28F22 /* IkhoyoWebViewContext.h in Headers */ = {isa = PBXBuildFile; fileRef = 3DF7A5EF138DD91300B28F22 /* IkhoyoWebViewContext.h */; };
		3DF7A5F2138DD91400B28F22 /* IkhoyoWebViewContext.m in Sources */ = {isa = PBXBuildFile; fileRef = 3DF7A5F0138DD91400B28F22 /* IkhoyoWebViewContext.m */; };
		3DF7A623138DE66000B28F22 /* GRBoolean.h in Headers */ = {isa = PBXBuildFile; fileRef = 3DF7A5F4138DE66000B28F22 /* GRBoolean.h */; };
		3DF7A624138DE66000B28F22 /* GRBoolean.m in Sources */ = {isa = PBXBuildFile; fileRef = 3DF7A5F5138DE66000B28F22 /* GRBoolean.m */; };
		3DF7A625138DE66000B28F22 /* GRMustache_private.h in Headers */ = {isa = PBXBuildFile; fileRef = 3DF7A5F6138DE66000B28F22 /* GRMustache_private.h */; };
		3DF7A626138DE66000B28F22 /* GRMustache.h in Headers */ = {isa = PBXBuildFile; fileRef = 3DF7A5F7138DE66000B28F22 /* GRMustache.h */; };
		3DF7A627138DE66000B28F22 /* GRMustache.m in Sources */ = {isa = PBXBuildFile; fileRef = 3DF7A5F8138DE66000B28F22 /* GRMustache.m */; };
		3DF7A628138DE66000B28F22 /* GRMustacheBundleTemplateLoader_private.h in Headers */ = {isa = PBXBuildFile; fileRef = 3DF7A5F9138DE66000B28F22 /* GRMustacheBundleTemplateLoader_private.h */; };
		3DF7A629138DE66000B28F22 /* GRMustacheBundleTemplateLoader.m in Sources */ = {isa = PBXBuildFile; fileRef = 3DF7A5FA138DE66000B28F22 /* GRMustacheBundleTemplateLoader.m */; };
		3DF7A62A138DE66000B28F22 /* GRMustacheContext.h in Headers */ = {isa = PBXBuildFile; fileRef = 3DF7A5FB138DE66000B28F22 /* GRMustacheContext.h */; };
		3DF7A62B138DE66000B28F22 /* GRMustacheContext.m in Sources */ = {isa = PBXBuildFile; fileRef = 3DF7A5FC138DE66000B28F22 /* GRMustacheContext.m */; };
		3DF7A62C138DE66000B28F22 /* GRMustacheDirectoryTemplateLoader_private.h in Headers */ = {isa = PBXBuildFile; fileRef = 3DF7A5FD138DE66000B28F22 /* GRMustacheDirectoryTemplateLoader_private.h */; };
		3DF7A62D138DE66000B28F22 /* GRMustacheDirectoryTemplateLoader.m in Sources */ = {isa = PBXBuildFile; fileRef = 3DF7A5FE138DE66000B28F22 /* GRMustacheDirectoryTemplateLoader.m */; };
		3DF7A62E138DE66000B28F22 /* GRMustacheError.h in Headers */ = {isa = PBXBuildFile; fileRef = 3DF7A5FF138DE66000B28F22 /* GRMustacheError.h */; };
		3DF7A62F138DE66000B28F22 /* GRMustacheError.m in Sources */ = {isa = PBXBuildFile; fileRef = 3DF7A600138DE66000B28F22 /* GRMustacheError.m */; };
		3DF7A630138DE66000B28F22 /* GRMustacheLambda_private.h in Headers */ = {isa = PBXBuildFile; fileRef = 3DF7A601138DE66000B28F22 /* GRMustacheLambda_private.h */; };
		3DF7A631138DE66000B28F22 /* GRMustacheLambda.h in Headers */ = {isa = PBXBuildFile; fileRef = 3DF7A602138DE66000B28F22 /* GRMustacheLambda.h */; };
		3DF7A632138DE66000B28F22 /* GRMustacheLambda.m in Sources */ = {isa = PBXBuildFile; fileRef = 3DF7A603138DE66000B28F22 /* GRMustacheLambda.m */; };
		3DF7A633138DE66000B28F22 /* GRMustacheRendering_private.h in Headers */ = {isa = PBXBuildFile; fileRef = 3DF7A604138DE66000B28F22 /* GRMustacheRendering_private.h */; };
		3DF7A634138DE66000B28F22 /* GRMustacheRendering.h in Headers */ = {isa = PBXBuildFile; fileRef = 3DF7A605138DE66000B28F22 /* GRMustacheRendering.h */; };
		3DF7A635138DE66000B28F22 /* GRMustacheRendering.m in Sources */ = {isa = PBXBuildFile; fileRef = 3DF7A606138DE66000B28F22 /* GRMustacheRendering.m */; };
		3DF7A636138DE66000B28F22 /* GRMustacheSection_private.h in Headers */ = {isa = PBXBuildFile; fileRef = 3DF7A607138DE66000B28F22 /* GRMustacheSection_private.h */; };
		3DF7A637138DE66000B28F22 /* GRMustacheSection.h in Headers */ = {isa = PBXBuildFile; fileRef = 3DF7A608138DE66000B28F22 /* GRMustacheSection.h */; };
		3DF7A638138DE66000B28F22 /* GRMustacheSection.m in Sources */ = {isa = PBXBuildFile; fileRef = 3DF7A609138DE66000B28F22 /* GRMustacheSection.m */; };
		3DF7A639138DE66000B28F22 /* GRMustacheTemplate_private.h in Headers */ = {isa = PBXBuildFile; fileRef = 3DF7A60A138DE66000B28F22 /* GRMustacheTemplate_private.h */; };
		3DF7A63A138DE66000B28F22 /* GRMustacheTemplate.h in Headers */ = {isa = PBXBuildFile; fileRef = 3DF7A60B138DE66000B28F22 /* GRMustacheTemplate.h */; };
		3DF7A63B138DE66000B28F22 /* GRMustacheTemplate.m in Sources */ = {isa = PBXBuildFile; fileRef = 3DF7A60C138DE66000B28F22 /* GRMustacheTemplate.m */; };
		3DF7A63C138DE66000B28F22 /* GRMustacheTemplateLoader_private.h in Headers */ = {isa = PBXBuildFile; fileRef = 3DF7A60D138DE66000B28F22 /* GRMustacheTemplateLoader_private.h */; };
		3DF7A63D138DE66000B28F22 /* GRMustacheTemplateLoader_protected.h in Headers */ = {isa = PBXBuildFile; fileRef = 3DF7A60E138DE66000B28F22 /* GRMustacheTemplateLoader_protected.h */; };
		3DF7A63E138DE66000B28F22 /* GRMustacheTemplateLoader.h in Headers */ = {isa = PBXBuildFile; fileRef = 3DF7A60F138DE66000B28F22 /* GRMustacheTemplateLoader.h */; };
		3DF7A63F138DE66000B28F22 /* GRMustacheTemplateLoader.m in Sources */ = {isa = PBXBuildFile; fileRef = 3DF7A610138DE66000B28F22 /* GRMustacheTemplateLoader.m */; };
		3DF7A640138DE66000B28F22 /* GRMustacheTemplateParser_private.h in Headers */ = {isa = PBXBuildFile; fileRef = 3DF7A611138DE66000B28F22 /* GRMustacheTemplateParser_private.h */; };
		3DF7A641138DE66000B28F22 /* GRMustacheTemplateParser.m in Sources */ = {isa = PBXBuildFile; fileRef = 3DF7A612138DE66000B28F22 /* GRMustacheTemplateParser.m */; };
		3DF7A642138DE66000B28F22 /* GRMustacheTextElement_private.h in Headers */ = {isa = PBXBuildFile; fileRef = 3DF7A613138DE66000B28F22 /* GRMustacheTextElement_private.h */; };
		3DF7A643138DE66000B28F22 /* GRMustacheTextElement.m in Sources */ = {isa = PBXBuildFile; fileRef = 3DF7A614138DE66000B28F22 /* GRMustacheTextElement.m */; };
		3DF7A644138DE66000B28F22 /* GRMustacheToken_private.h in Headers */ = {isa = PBXBuildFile; fileRef = 3DF7A615138DE66000B28F22 /* GRMustacheToken_private.h */; };
		3DF7A645138DE66000B28F22 /* GRMustacheToken.m in Sources */ = {isa = PBXBuildFile; fileRef = 3DF7A616138DE66000B28F22 /* GRMustacheToken.m */; };
		3DF7A646138DE66000B28F22 /* GRMustacheTokenizer_private.h in Headers */ = {isa = PBXBuildFile; fileRef = 3DF7A617138DE66000B28F22 /* GRMustacheTokenizer_private.h */; };
		3DF7A647138DE66000B28F22 /* GRMustacheTokenizer.m in Sources */ = {isa = PBXBuildFile; fileRef = 3DF7A618138DE66000B28F22 /* GRMustacheTokenizer.m */; };
		3DF7A648138DE66000B28F22 /* GRMustacheVariableElement_private.h in Headers */ = {isa = PBXBuildFile; fileRef = 3DF7A619138DE66000B28F22 /* GRMustacheVariableElement_private.h */; };
		3DF7A649138DE66000B28F22 /* GRMustacheVariableElement.m in Sources */ = {isa = PBXBuildFile; fileRef = 3DF7A61A138DE66000B28F22 /* GRMustacheVariableElement.m */; };
		3DF7A64A138DE66000B28F22 /* GRMustacheVersion.h in Headers */ = {isa = PBXBuildFile; fileRef = 3DF7A61B138DE66000B28F22 /* GRMustacheVersion.h */; };
		3DF7A64B138DE66000B28F22 /* GRMustacheVersion.m in Sources */ = {isa = PBXBuildFile; fileRef = 3DF7A61C138DE66000B28F22 /* GRMustacheVersion.m */; };
		3DF7A64C138DE66000B28F22 /* NSArray+TKCategory.h in Headers */ = {isa = PBXBuildFile; fileRef = 3DF7A61D138DE66000B28F22 /* NSArray+TKCategory.h */; };
		3DF7A64D138DE66000B28F22 /* NSArray+TKCategory.m in Sources */ = {isa = PBXBuildFile; fileRef = 3DF7A61E138DE66000B28F22 /* NSArray+TKCategory.m */; };
		3DF7A64E138DE66000B28F22 /* NSDate+TKCategory.h in Headers */ = {isa = PBXBuildFile; fileRef = 3DF7A61F138DE66000B28F22 /* NSDate+TKCategory.h */; };
		3DF7A64F138DE66000B28F22 /* NSDate+TKCategory.m in Sources */ = {isa = PBXBuildFile; fileRef = 3DF7A620138DE66000B28F22 /* NSDate+TKCategory.m */; };
		3DF7A650138DE66000B28F22 /* NSString+TKCategory.h in Headers */ = {isa = PBXBuildFile; fileRef = 3DF7A621138DE66000B28F22 /* NSString+TKCategory.h */; };
		3DF7A651138DE66000B28F22 /* NSString+TKCategory.m in Sources */ = {isa = PBXBuildFile; fileRef = 3DF7A622138DE66000B28F22 /* NSString+TKCategory.m */; };
/* End PBXBuildFile section */

/* Begin PBXFileReference section */
		3D0CC8AF138C9E5800772BAF /* libikhoyo-ui.a */ = {isa = PBXFileReference; explicitFileType = archive.ar; includeInIndex = 0; path = "libikhoyo-ui.a"; sourceTree = BUILT_PRODUCTS_DIR; };
		3D0CC8B2138C9E5800772BAF /* Foundation.framework */ = {isa = PBXFileReference; lastKnownFileType = wrapper.framework; name = Foundation.framework; path = System/Library/Frameworks/Foundation.framework; sourceTree = SDKROOT; };
		3D0CC8B6138C9E5800772BAF /* ikhoyo-ui-Prefix.pch */ = {isa = PBXFileReference; lastKnownFileType = sourcecode.c.h; path = "ikhoyo-ui-Prefix.pch"; sourceTree = "<group>"; };
		3D0CC8C4138CA0E500772BAF /* IkhoyoViewController.h */ = {isa = PBXFileReference; fileEncoding = 4; lastKnownFileType = sourcecode.c.h; path = IkhoyoViewController.h; sourceTree = "<group>"; };
		3D0CC8C5138CA0E500772BAF /* IkhoyoViewController.m */ = {isa = PBXFileReference; fileEncoding = 4; lastKnownFileType = sourcecode.c.objc; path = IkhoyoViewController.m; sourceTree = "<group>"; };
		3D0CC8C8138CC31800772BAF /* IkhoyoDelegate.h */ = {isa = PBXFileReference; fileEncoding = 4; lastKnownFileType = sourcecode.c.h; path = IkhoyoDelegate.h; sourceTree = "<group>"; };
		3D0CC8CA138CC49E00772BAF /* IkhoyoDynamicTabBarController.h */ = {isa = PBXFileReference; fileEncoding = 4; lastKnownFileType = sourcecode.c.h; path = IkhoyoDynamicTabBarController.h; sourceTree = "<group>"; };
		3D0CC8CB138CC49E00772BAF /* IkhoyoDynamicTabBarController.m */ = {isa = PBXFileReference; fileEncoding = 4; lastKnownFileType = sourcecode.c.objc; path = IkhoyoDynamicTabBarController.m; sourceTree = "<group>"; };
		3D0CC8CE138CC5BF00772BAF /* IkhoyoDynamicTabViewController.h */ = {isa = PBXFileReference; fileEncoding = 4; lastKnownFileType = sourcecode.c.h; path = IkhoyoDynamicTabViewController.h; sourceTree = "<group>"; };
		3D0CC8CF138CC5BF00772BAF /* IkhoyoDynamicTabViewController.m */ = {isa = PBXFileReference; fileEncoding = 4; lastKnownFileType = sourcecode.c.objc; path = IkhoyoDynamicTabViewController.m; sourceTree = "<group>"; };
		3DF7A5EA138DD83F00B28F22 /* IkhoyoWebViewController.h */ = {isa = PBXFileReference; fileEncoding = 4; lastKnownFileType = sourcecode.c.h; path = IkhoyoWebViewController.h; sourceTree = "<group>"; };
		3DF7A5EB138DD83F00B28F22 /* IkhoyoWebViewController.m */ = {isa = PBXFileReference; fileEncoding = 4; lastKnownFileType = sourcecode.c.objc; path = IkhoyoWebViewController.m; sourceTree = "<group>"; };
		3DF7A5EF138DD91300B28F22 /* IkhoyoWebViewContext.h */ = {isa = PBXFileReference; fileEncoding = 4; lastKnownFileType = sourcecode.c.h; path = IkhoyoWebViewContext.h; sourceTree = "<group>"; };
		3DF7A5F0138DD91400B28F22 /* IkhoyoWebViewContext.m */ = {isa = PBXFileReference; fileEncoding = 4; lastKnownFileType = sourcecode.c.objc; path = IkhoyoWebViewContext.m; sourceTree = "<group>"; };
		3DF7A5F4138DE66000B28F22 /* GRBoolean.h */ = {isa = PBXFileReference; fileEncoding = 4; lastKnownFileType = sourcecode.c.h; path = GRBoolean.h; sourceTree = "<group>"; };
		3DF7A5F5138DE66000B28F22 /* GRBoolean.m */ = {isa = PBXFileReference; fileEncoding = 4; lastKnownFileType = sourcecode.c.objc; path = GRBoolean.m; sourceTree = "<group>"; };
		3DF7A5F6138DE66000B28F22 /* GRMustache_private.h */ = {isa = PBXFileReference; fileEncoding = 4; lastKnownFileType = sourcecode.c.h; path = GRMustache_private.h; sourceTree = "<group>"; };
		3DF7A5F7138DE66000B28F22 /* GRMustache.h */ = {isa = PBXFileReference; fileEncoding = 4; lastKnownFileType = sourcecode.c.h; path = GRMustache.h; sourceTree = "<group>"; };
		3DF7A5F8138DE66000B28F22 /* GRMustache.m */ = {isa = PBXFileReference; fileEncoding = 4; lastKnownFileType = sourcecode.c.objc; path = GRMustache.m; sourceTree = "<group>"; };
		3DF7A5F9138DE66000B28F22 /* GRMustacheBundleTemplateLoader_private.h */ = {isa = PBXFileReference; fileEncoding = 4; lastKnownFileType = sourcecode.c.h; path = GRMustacheBundleTemplateLoader_private.h; sourceTree = "<group>"; };
		3DF7A5FA138DE66000B28F22 /* GRMustacheBundleTemplateLoader.m */ = {isa = PBXFileReference; fileEncoding = 4; lastKnownFileType = sourcecode.c.objc; path = GRMustacheBundleTemplateLoader.m; sourceTree = "<group>"; };
		3DF7A5FB138DE66000B28F22 /* GRMustacheContext.h */ = {isa = PBXFileReference; fileEncoding = 4; lastKnownFileType = sourcecode.c.h; path = GRMustacheContext.h; sourceTree = "<group>"; };
		3DF7A5FC138DE66000B28F22 /* GRMustacheContext.m */ = {isa = PBXFileReference; fileEncoding = 4; lastKnownFileType = sourcecode.c.objc; path = GRMustacheContext.m; sourceTree = "<group>"; };
		3DF7A5FD138DE66000B28F22 /* GRMustacheDirectoryTemplateLoader_private.h */ = {isa = PBXFileReference; fileEncoding = 4; lastKnownFileType = sourcecode.c.h; path = GRMustacheDirectoryTemplateLoader_private.h; sourceTree = "<group>"; };
		3DF7A5FE138DE66000B28F22 /* GRMustacheDirectoryTemplateLoader.m */ = {isa = PBXFileReference; fileEncoding = 4; lastKnownFileType = sourcecode.c.objc; path = GRMustacheDirectoryTemplateLoader.m; sourceTree = "<group>"; };
		3DF7A5FF138DE66000B28F22 /* GRMustacheError.h */ = {isa = PBXFileReference; fileEncoding = 4; lastKnownFileType = sourcecode.c.h; path = GRMustacheError.h; sourceTree = "<group>"; };
		3DF7A600138DE66000B28F22 /* GRMustacheError.m */ = {isa = PBXFileReference; fileEncoding = 4; lastKnownFileType = sourcecode.c.objc; path = GRMustacheError.m; sourceTree = "<group>"; };
		3DF7A601138DE66000B28F22 /* GRMustacheLambda_private.h */ = {isa = PBXFileReference; fileEncoding = 4; lastKnownFileType = sourcecode.c.h; path = GRMustacheLambda_private.h; sourceTree = "<group>"; };
		3DF7A602138DE66000B28F22 /* GRMustacheLambda.h */ = {isa = PBXFileReference; fileEncoding = 4; lastKnownFileType = sourcecode.c.h; path = GRMustacheLambda.h; sourceTree = "<group>"; };
		3DF7A603138DE66000B28F22 /* GRMustacheLambda.m */ = {isa = PBXFileReference; fileEncoding = 4; lastKnownFileType = sourcecode.c.objc; path = GRMustacheLambda.m; sourceTree = "<group>"; };
		3DF7A604138DE66000B28F22 /* GRMustacheRendering_private.h */ = {isa = PBXFileReference; fileEncoding = 4; lastKnownFileType = sourcecode.c.h; path = GRMustacheRendering_private.h; sourceTree = "<group>"; };
		3DF7A605138DE66000B28F22 /* GRMustacheRendering.h */ = {isa = PBXFileReference; fileEncoding = 4; lastKnownFileType = sourcecode.c.h; path = GRMustacheRendering.h; sourceTree = "<group>"; };
		3DF7A606138DE66000B28F22 /* GRMustacheRendering.m */ = {isa = PBXFileReference; fileEncoding = 4; lastKnownFileType = sourcecode.c.objc; path = GRMustacheRendering.m; sourceTree = "<group>"; };
		3DF7A607138DE66000B28F22 /* GRMustacheSection_private.h */ = {isa = PBXFileReference; fileEncoding = 4; lastKnownFileType = sourcecode.c.h; path = GRMustacheSection_private.h; sourceTree = "<group>"; };
		3DF7A608138DE66000B28F22 /* GRMustacheSection.h */ = {isa = PBXFileReference; fileEncoding = 4; lastKnownFileType = sourcecode.c.h; path = GRMustacheSection.h; sourceTree = "<group>"; };
		3DF7A609138DE66000B28F22 /* GRMustacheSection.m */ = {isa = PBXFileReference; fileEncoding = 4; lastKnownFileType = sourcecode.c.objc; path = GRMustacheSection.m; sourceTree = "<group>"; };
		3DF7A60A138DE66000B28F22 /* GRMustacheTemplate_private.h */ = {isa = PBXFileReference; fileEncoding = 4; lastKnownFileType = sourcecode.c.h; path = GRMustacheTemplate_private.h; sourceTree = "<group>"; };
		3DF7A60B138DE66000B28F22 /* GRMustacheTemplate.h */ = {isa = PBXFileReference; fileEncoding = 4; lastKnownFileType = sourcecode.c.h; path = GRMustacheTemplate.h; sourceTree = "<group>"; };
		3DF7A60C138DE66000B28F22 /* GRMustacheTemplate.m */ = {isa = PBXFileReference; fileEncoding = 4; lastKnownFileType = sourcecode.c.objc; path = GRMustacheTemplate.m; sourceTree = "<group>"; };
		3DF7A60D138DE66000B28F22 /* GRMustacheTemplateLoader_private.h */ = {isa = PBXFileReference; fileEncoding = 4; lastKnownFileType = sourcecode.c.h; path = GRMustacheTemplateLoader_private.h; sourceTree = "<group>"; };
		3DF7A60E138DE66000B28F22 /* GRMustacheTemplateLoader_protected.h */ = {isa = PBXFileReference; fileEncoding = 4; lastKnownFileType = sourcecode.c.h; path = GRMustacheTemplateLoader_protected.h; sourceTree = "<group>"; };
		3DF7A60F138DE66000B28F22 /* GRMustacheTemplateLoader.h */ = {isa = PBXFileReference; fileEncoding = 4; lastKnownFileType = sourcecode.c.h; path = GRMustacheTemplateLoader.h; sourceTree = "<group>"; };
		3DF7A610138DE66000B28F22 /* GRMustacheTemplateLoader.m */ = {isa = PBXFileReference; fileEncoding = 4; lastKnownFileType = sourcecode.c.objc; path = GRMustacheTemplateLoader.m; sourceTree = "<group>"; };
		3DF7A611138DE66000B28F22 /* GRMustacheTemplateParser_private.h */ = {isa = PBXFileReference; fileEncoding = 4; lastKnownFileType = sourcecode.c.h; path = GRMustacheTemplateParser_private.h; sourceTree = "<group>"; };
		3DF7A612138DE66000B28F22 /* GRMustacheTemplateParser.m */ = {isa = PBXFileReference; fileEncoding = 4; lastKnownFileType = sourcecode.c.objc; path = GRMustacheTemplateParser.m; sourceTree = "<group>"; };
		3DF7A613138DE66000B28F22 /* GRMustacheTextElement_private.h */ = {isa = PBXFileReference; fileEncoding = 4; lastKnownFileType = sourcecode.c.h; path = GRMustacheTextElement_private.h; sourceTree = "<group>"; };
		3DF7A614138DE66000B28F22 /* GRMustacheTextElement.m */ = {isa = PBXFileReference; fileEncoding = 4; lastKnownFileType = sourcecode.c.objc; path = GRMustacheTextElement.m; sourceTree = "<group>"; };
		3DF7A615138DE66000B28F22 /* GRMustacheToken_private.h */ = {isa = PBXFileReference; fileEncoding = 4; lastKnownFileType = sourcecode.c.h; path = GRMustacheToken_private.h; sourceTree = "<group>"; };
		3DF7A616138DE66000B28F22 /* GRMustacheToken.m */ = {isa = PBXFileReference; fileEncoding = 4; lastKnownFileType = sourcecode.c.objc; path = GRMustacheToken.m; sourceTree = "<group>"; };
		3DF7A617138DE66000B28F22 /* GRMustacheTokenizer_private.h */ = {isa = PBXFileReference; fileEncoding = 4; lastKnownFileType = sourcecode.c.h; path = GRMustacheTokenizer_private.h; sourceTree = "<group>"; };
		3DF7A618138DE66000B28F22 /* GRMustacheTokenizer.m */ = {isa = PBXFileReference; fileEncoding = 4; lastKnownFileType = sourcecode.c.objc; path = GRMustacheTokenizer.m; sourceTree = "<group>"; };
		3DF7A619138DE66000B28F22 /* GRMustacheVariableElement_private.h */ = {isa = PBXFileReference; fileEncoding = 4; lastKnownFileType = sourcecode.c.h; path = GRMustacheVariableElement_private.h; sourceTree = "<group>"; };
		3DF7A61A138DE66000B28F22 /* GRMustacheVariableElement.m */ = {isa = PBXFileReference; fileEncoding = 4; lastKnownFileType = sourcecode.c.objc; path = GRMustacheVariableElement.m; sourceTree = "<group>"; };
		3DF7A61B138DE66000B28F22 /* GRMustacheVersion.h */ = {isa = PBXFileReference; fileEncoding = 4; lastKnownFileType = sourcecode.c.h; path = GRMustacheVersion.h; sourceTree = "<group>"; };
		3DF7A61C138DE66000B28F22 /* GRMustacheVersion.m */ = {isa = PBXFileReference; fileEncoding = 4; lastKnownFileType = sourcecode.c.objc; path = GRMustacheVersion.m; sourceTree = "<group>"; };
		3DF7A61D138DE66000B28F22 /* NSArray+TKCategory.h */ = {isa = PBXFileReference; fileEncoding = 4; lastKnownFileType = sourcecode.c.h; path = "NSArray+TKCategory.h"; sourceTree = "<group>"; };
		3DF7A61E138DE66000B28F22 /* NSArray+TKCategory.m */ = {isa = PBXFileReference; fileEncoding = 4; lastKnownFileType = sourcecode.c.objc; path = "NSArray+TKCategory.m"; sourceTree = "<group>"; };
		3DF7A61F138DE66000B28F22 /* NSDate+TKCategory.h */ = {isa = PBXFileReference; fileEncoding = 4; lastKnownFileType = sourcecode.c.h; path = "NSDate+TKCategory.h"; sourceTree = "<group>"; };
		3DF7A620138DE66000B28F22 /* NSDate+TKCategory.m */ = {isa = PBXFileReference; fileEncoding = 4; lastKnownFileType = sourcecode.c.objc; path = "NSDate+TKCategory.m"; sourceTree = "<group>"; };
		3DF7A621138DE66000B28F22 /* NSString+TKCategory.h */ = {isa = PBXFileReference; fileEncoding = 4; lastKnownFileType = sourcecode.c.h; path = "NSString+TKCategory.h"; sourceTree = "<group>"; };
		3DF7A622138DE66000B28F22 /* NSString+TKCategory.m */ = {isa = PBXFileReference; fileEncoding = 4; lastKnownFileType = sourcecode.c.objc; path = "NSString+TKCategory.m"; sourceTree = "<group>"; };
/* End PBXFileReference section */

/* Begin PBXFrameworksBuildPhase section */
		3D0CC8AC138C9E5800772BAF /* Frameworks */ = {
			isa = PBXFrameworksBuildPhase;
			buildActionMask = 2147483647;
			files = (
				3D0CC8B3138C9E5800772BAF /* Foundation.framework in Frameworks */,
			);
			runOnlyForDeploymentPostprocessing = 0;
		};
/* End PBXFrameworksBuildPhase section */

/* Begin PBXGroup section */
		3D0CC8A4138C9E5800772BAF = {
			isa = PBXGroup;
			children = (
				3DF7A5F3138DE60900B28F22 /* mustache */,
				3D0CC8B4138C9E5800772BAF /* ikhoyo-ui */,
				3D0CC8B1138C9E5800772BAF /* Frameworks */,
				3D0CC8B0138C9E5800772BAF /* Products */,
			);
			sourceTree = "<group>";
		};
		3D0CC8B0138C9E5800772BAF /* Products */ = {
			isa = PBXGroup;
			children = (
				3D0CC8AF138C9E5800772BAF /* libikhoyo-ui.a */,
			);
			name = Products;
			sourceTree = "<group>";
		};
		3D0CC8B1138C9E5800772BAF /* Frameworks */ = {
			isa = PBXGroup;
			children = (
				3D0CC8B2138C9E5800772BAF /* Foundation.framework */,
			);
			name = Frameworks;
			sourceTree = "<group>";
		};
		3D0CC8B4138C9E5800772BAF /* ikhoyo-ui */ = {
			isa = PBXGroup;
			children = (
				3D0CC8B5138C9E5800772BAF /* Supporting Files */,
				3D0CC8C4138CA0E500772BAF /* IkhoyoViewController.h */,
				3D0CC8C5138CA0E500772BAF /* IkhoyoViewController.m */,
				3D0CC8C8138CC31800772BAF /* IkhoyoDelegate.h */,
				3D0CC8CA138CC49E00772BAF /* IkhoyoDynamicTabBarController.h */,
				3D0CC8CB138CC49E00772BAF /* IkhoyoDynamicTabBarController.m */,
				3D0CC8CE138CC5BF00772BAF /* IkhoyoDynamicTabViewController.h */,
				3D0CC8CF138CC5BF00772BAF /* IkhoyoDynamicTabViewController.m */,
				3DF7A5EA138DD83F00B28F22 /* IkhoyoWebViewController.h */,
				3DF7A5EB138DD83F00B28F22 /* IkhoyoWebViewController.m */,
				3DF7A5EF138DD91300B28F22 /* IkhoyoWebViewContext.h */,
				3DF7A5F0138DD91400B28F22 /* IkhoyoWebViewContext.m */,
			);
			path = "ikhoyo-ui";
			sourceTree = "<group>";
		};
		3D0CC8B5138C9E5800772BAF /* Supporting Files */ = {
			isa = PBXGroup;
			children = (
				3D0CC8B6138C9E5800772BAF /* ikhoyo-ui-Prefix.pch */,
			);
			name = "Supporting Files";
			sourceTree = "<group>";
		};
		3DF7A5F3138DE60900B28F22 /* mustache */ = {
			isa = PBXGroup;
			children = (
				3DF7A5F4138DE66000B28F22 /* GRBoolean.h */,
				3DF7A5F5138DE66000B28F22 /* GRBoolean.m */,
				3DF7A5F6138DE66000B28F22 /* GRMustache_private.h */,
				3DF7A5F7138DE66000B28F22 /* GRMustache.h */,
				3DF7A5F8138DE66000B28F22 /* GRMustache.m */,
				3DF7A5F9138DE66000B28F22 /* GRMustacheBundleTemplateLoader_private.h */,
				3DF7A5FA138DE66000B28F22 /* GRMustacheBundleTemplateLoader.m */,
				3DF7A5FB138DE66000B28F22 /* GRMustacheContext.h */,
				3DF7A5FC138DE66000B28F22 /* GRMustacheContext.m */,
				3DF7A5FD138DE66000B28F22 /* GRMustacheDirectoryTemplateLoader_private.h */,
				3DF7A5FE138DE66000B28F22 /* GRMustacheDirectoryTemplateLoader.m */,
				3DF7A5FF138DE66000B28F22 /* GRMustacheError.h */,
				3DF7A600138DE66000B28F22 /* GRMustacheError.m */,
				3DF7A601138DE66000B28F22 /* GRMustacheLambda_private.h */,
				3DF7A602138DE66000B28F22 /* GRMustacheLambda.h */,
				3DF7A603138DE66000B28F22 /* GRMustacheLambda.m */,
				3DF7A604138DE66000B28F22 /* GRMustacheRendering_private.h */,
				3DF7A605138DE66000B28F22 /* GRMustacheRendering.h */,
				3DF7A606138DE66000B28F22 /* GRMustacheRendering.m */,
				3DF7A607138DE66000B28F22 /* GRMustacheSection_private.h */,
				3DF7A608138DE66000B28F22 /* GRMustacheSection.h */,
				3DF7A609138DE66000B28F22 /* GRMustacheSection.m */,
				3DF7A60A138DE66000B28F22 /* GRMustacheTemplate_private.h */,
				3DF7A60B138DE66000B28F22 /* GRMustacheTemplate.h */,
				3DF7A60C138DE66000B28F22 /* GRMustacheTemplate.m */,
				3DF7A60D138DE66000B28F22 /* GRMustacheTemplateLoader_private.h */,
				3DF7A60E138DE66000B28F22 /* GRMustacheTemplateLoader_protected.h */,
				3DF7A60F138DE66000B28F22 /* GRMustacheTemplateLoader.h */,
				3DF7A610138DE66000B28F22 /* GRMustacheTemplateLoader.m */,
				3DF7A611138DE66000B28F22 /* GRMustacheTemplateParser_private.h */,
				3DF7A612138DE66000B28F22 /* GRMustacheTemplateParser.m */,
				3DF7A613138DE66000B28F22 /* GRMustacheTextElement_private.h */,
				3DF7A614138DE66000B28F22 /* GRMustacheTextElement.m */,
				3DF7A615138DE66000B28F22 /* GRMustacheToken_private.h */,
				3DF7A616138DE66000B28F22 /* GRMustacheToken.m */,
				3DF7A617138DE66000B28F22 /* GRMustacheTokenizer_private.h */,
				3DF7A618138DE66000B28F22 /* GRMustacheTokenizer.m */,
				3DF7A619138DE66000B28F22 /* GRMustacheVariableElement_private.h */,
				3DF7A61A138DE66000B28F22 /* GRMustacheVariableElement.m */,
				3DF7A61B138DE66000B28F22 /* GRMustacheVersion.h */,
				3DF7A61C138DE66000B28F22 /* GRMustacheVersion.m */,
				3DF7A61D138DE66000B28F22 /* NSArray+TKCategory.h */,
				3DF7A61E138DE66000B28F22 /* NSArray+TKCategory.m */,
				3DF7A61F138DE66000B28F22 /* NSDate+TKCategory.h */,
				3DF7A620138DE66000B28F22 /* NSDate+TKCategory.m */,
				3DF7A621138DE66000B28F22 /* NSString+TKCategory.h */,
				3DF7A622138DE66000B28F22 /* NSString+TKCategory.m */,
			);
			name = mustache;
			sourceTree = "<group>";
		};
/* End PBXGroup section */

/* Begin PBXHeadersBuildPhase section */
		3D0CC8AD138C9E5800772BAF /* Headers */ = {
			isa = PBXHeadersBuildPhase;
			buildActionMask = 2147483647;
			files = (
				3D0CC8C6138CA0E500772BAF /* IkhoyoViewController.h in Headers */,
				3D0CC8C9138CC31800772BAF /* IkhoyoDelegate.h in Headers */,
				3D0CC8CC138CC49F00772BAF /* IkhoyoDynamicTabBarController.h in Headers */,
				3D0CC8D0138CC5C000772BAF /* IkhoyoDynamicTabViewController.h in Headers */,
				3DF7A5EC138DD84000B28F22 /* IkhoyoWebViewController.h in Headers */,
				3DF7A5F1138DD91400B28F22 /* IkhoyoWebViewContext.h in Headers */,
				3DF7A623138DE66000B28F22 /* GRBoolean.h in Headers */,
				3DF7A625138DE66000B28F22 /* GRMustache_private.h in Headers */,
				3DF7A626138DE66000B28F22 /* GRMustache.h in Headers */,
				3DF7A628138DE66000B28F22 /* GRMustacheBundleTemplateLoader_private.h in Headers */,
				3DF7A62A138DE66000B28F22 /* GRMustacheContext.h in Headers */,
				3DF7A62C138DE66000B28F22 /* GRMustacheDirectoryTemplateLoader_private.h in Headers */,
				3DF7A62E138DE66000B28F22 /* GRMustacheError.h in Headers */,
				3DF7A630138DE66000B28F22 /* GRMustacheLambda_private.h in Headers */,
				3DF7A631138DE66000B28F22 /* GRMustacheLambda.h in Headers */,
				3DF7A633138DE66000B28F22 /* GRMustacheRendering_private.h in Headers */,
				3DF7A634138DE66000B28F22 /* GRMustacheRendering.h in Headers */,
				3DF7A636138DE66000B28F22 /* GRMustacheSection_private.h in Headers */,
				3DF7A637138DE66000B28F22 /* GRMustacheSection.h in Headers */,
				3DF7A639138DE66000B28F22 /* GRMustacheTemplate_private.h in Headers */,
				3DF7A63A138DE66000B28F22 /* GRMustacheTemplate.h in Headers */,
				3DF7A63C138DE66000B28F22 /* GRMustacheTemplateLoader_private.h in Headers */,
				3DF7A63D138DE66000B28F22 /* GRMustacheTemplateLoader_protected.h in Headers */,
				3DF7A63E138DE66000B28F22 /* GRMustacheTemplateLoader.h in Headers */,
				3DF7A640138DE66000B28F22 /* GRMustacheTemplateParser_private.h in Headers */,
				3DF7A642138DE66000B28F22 /* GRMustacheTextElement_private.h in Headers */,
				3DF7A644138DE66000B28F22 /* GRMustacheToken_private.h in Headers */,
				3DF7A646138DE66000B28F22 /* GRMustacheTokenizer_private.h in Headers */,
				3DF7A648138DE66000B28F22 /* GRMustacheVariableElement_private.h in Headers */,
				3DF7A64A138DE66000B28F22 /* GRMustacheVersion.h in Headers */,
				3DF7A64C138DE66000B28F22 /* NSArray+TKCategory.h in Headers */,
				3DF7A64E138DE66000B28F22 /* NSDate+TKCategory.h in Headers */,
				3DF7A650138DE66000B28F22 /* NSString+TKCategory.h in Headers */,
			);
			runOnlyForDeploymentPostprocessing = 0;
		};
/* End PBXHeadersBuildPhase section */

/* Begin PBXNativeTarget section */
		3D0CC8AE138C9E5800772BAF /* ikhoyo-ui */ = {
			isa = PBXNativeTarget;
			buildConfigurationList = 3D0CC8B9138C9E5800772BAF /* Build configuration list for PBXNativeTarget "ikhoyo-ui" */;
			buildPhases = (
				3D0CC8AB138C9E5800772BAF /* Sources */,
				3D0CC8AC138C9E5800772BAF /* Frameworks */,
				3D0CC8AD138C9E5800772BAF /* Headers */,
			);
			buildRules = (
			);
			dependencies = (
			);
			name = "ikhoyo-ui";
			productName = "ikhoyo-ui";
			productReference = 3D0CC8AF138C9E5800772BAF /* libikhoyo-ui.a */;
			productType = "com.apple.product-type.library.static";
		};
/* End PBXNativeTarget section */

/* Begin PBXProject section */
		3D0CC8A6138C9E5800772BAF /* Project object */ = {
			isa = PBXProject;
			attributes = {
				ORGANIZATIONNAME = Ikhoyo;
			};
			buildConfigurationList = 3D0CC8A9138C9E5800772BAF /* Build configuration list for PBXProject "ikhoyo-ui" */;
			compatibilityVersion = "Xcode 3.2";
			developmentRegion = English;
			hasScannedForEncodings = 0;
			knownRegions = (
				en,
			);
			mainGroup = 3D0CC8A4138C9E5800772BAF;
			productRefGroup = 3D0CC8B0138C9E5800772BAF /* Products */;
			projectDirPath = "";
			projectRoot = "";
			targets = (
				3D0CC8AE138C9E5800772BAF /* ikhoyo-ui */,
			);
		};
/* End PBXProject section */

/* Begin PBXSourcesBuildPhase section */
		3D0CC8AB138C9E5800772BAF /* Sources */ = {
			isa = PBXSourcesBuildPhase;
			buildActionMask = 2147483647;
			files = (
				3D0CC8C7138CA0E500772BAF /* IkhoyoViewController.m in Sources */,
				3D0CC8CD138CC49F00772BAF /* IkhoyoDynamicTabBarController.m in Sources */,
				3D0CC8D1138CC5C000772BAF /* IkhoyoDynamicTabViewController.m in Sources */,
				3DF7A5ED138DD84000B28F22 /* IkhoyoWebViewController.m in Sources */,
				3DF7A5F2138DD91400B28F22 /* IkhoyoWebViewContext.m in Sources */,
				3DF7A624138DE66000B28F22 /* GRBoolean.m in Sources */,
				3DF7A627138DE66000B28F22 /* GRMustache.m in Sources */,
				3DF7A629138DE66000B28F22 /* GRMustacheBundleTemplateLoader.m in Sources */,
				3DF7A62B138DE66000B28F22 /* GRMustacheContext.m in Sources */,
				3DF7A62D138DE66000B28F22 /* GRMustacheDirectoryTemplateLoader.m in Sources */,
				3DF7A62F138DE66000B28F22 /* GRMustacheError.m in Sources */,
				3DF7A632138DE66000B28F22 /* GRMustacheLambda.m in Sources */,
				3DF7A635138DE66000B28F22 /* GRMustacheRendering.m in Sources */,
				3DF7A638138DE66000B28F22 /* GRMustacheSection.m in Sources */,
				3DF7A63B138DE66000B28F22 /* GRMustacheTemplate.m in Sources */,
				3DF7A63F138DE66000B28F22 /* GRMustacheTemplateLoader.m in Sources */,
				3DF7A641138DE66000B28F22 /* GRMustacheTemplateParser.m in Sources */,
				3DF7A643138DE66000B28F22 /* GRMustacheTextElement.m in Sources */,
				3DF7A645138DE66000B28F22 /* GRMustacheToken.m in Sources */,
				3DF7A647138DE66000B28F22 /* GRMustacheTokenizer.m in Sources */,
				3DF7A649138DE66000B28F22 /* GRMustacheVariableElement.m in Sources */,
				3DF7A64B138DE66000B28F22 /* GRMustacheVersion.m in Sources */,
				3DF7A64D138DE66000B28F22 /* NSArray+TKCategory.m in Sources */,
				3DF7A64F138DE66000B28F22 /* NSDate+TKCategory.m in Sources */,
				3DF7A651138DE66000B28F22 /* NSString+TKCategory.m in Sources */,
			);
			runOnlyForDeploymentPostprocessing = 0;
		};
/* End PBXSourcesBuildPhase section */

/* Begin XCBuildConfiguration section */
		3D0CC8B7138C9E5800772BAF /* Debug */ = {
			isa = XCBuildConfiguration;
			buildSettings = {
				ARCHS = "$(ARCHS_STANDARD_32_BIT)";
				GCC_C_LANGUAGE_STANDARD = gnu99;
				GCC_OPTIMIZATION_LEVEL = 0;
				GCC_PREPROCESSOR_DEFINITIONS = DEBUG;
				GCC_SYMBOLS_PRIVATE_EXTERN = NO;
				GCC_VERSION = com.apple.compilers.llvmgcc42;
				GCC_WARN_ABOUT_RETURN_TYPE = YES;
				GCC_WARN_UNUSED_VARIABLE = YES;
				IPHONEOS_DEPLOYMENT_TARGET = 4.3;
				OTHER_LDFLAGS = "";
				SDKROOT = iphoneos;
			};
			name = Debug;
		};
		3D0CC8B8138C9E5800772BAF /* Release */ = {
			isa = XCBuildConfiguration;
			buildSettings = {
				ARCHS = "$(ARCHS_STANDARD_32_BIT)";
				GCC_C_LANGUAGE_STANDARD = gnu99;
				GCC_VERSION = com.apple.compilers.llvmgcc42;
				GCC_WARN_ABOUT_RETURN_TYPE = YES;
				GCC_WARN_UNUSED_VARIABLE = YES;
				IPHONEOS_DEPLOYMENT_TARGET = 4.3;
				OTHER_LDFLAGS = "";
				SDKROOT = iphoneos;
			};
			name = Release;
		};
		3D0CC8BA138C9E5800772BAF /* Debug */ = {
			isa = XCBuildConfiguration;
			buildSettings = {
				ALWAYS_SEARCH_USER_PATHS = NO;
				DSTROOT = /tmp/ikhoyo_ui.dst;
				GCC_PRECOMPILE_PREFIX_HEADER = YES;
				GCC_PREFIX_HEADER = "ikhoyo-ui/ikhoyo-ui-Prefix.pch";
				OTHER_LDFLAGS = "-ObjC";
				PRODUCT_NAME = "$(TARGET_NAME)";
			};
			name = Debug;
		};
		3D0CC8BB138C9E5800772BAF /* Release */ = {
			isa = XCBuildConfiguration;
			buildSettings = {
				ALWAYS_SEARCH_USER_PATHS = NO;
				DSTROOT = /tmp/ikhoyo_ui.dst;
				GCC_PRECOMPILE_PREFIX_HEADER = YES;
				GCC_PREFIX_HEADER = "ikhoyo-ui/ikhoyo-ui-Prefix.pch";
				OTHER_LDFLAGS = "-ObjC";
				PRODUCT_NAME = "$(TARGET_NAME)";
			};
			name = Release;
		};
/* End XCBuildConfiguration section */

/* Begin XCConfigurationList section */
		3D0CC8A9138C9E5800772BAF /* Build configuration list for PBXProject "ikhoyo-ui" */ = {
			isa = XCConfigurationList;
			buildConfigurations = (
				3D0CC8B7138C9E5800772BAF /* Debug */,
				3D0CC8B8138C9E5800772BAF /* Release */,
			);
			defaultConfigurationIsVisible = 0;
			defaultConfigurationName = Release;
		};
		3D0CC8B9138C9E5800772BAF /* Build configuration list for PBXNativeTarget "ikhoyo-ui" */ = {
			isa = XCConfigurationList;
			buildConfigurations = (
				3D0CC8BA138C9E5800772BAF /* Debug */,
				3D0CC8BB138C9E5800772BAF /* Release */,
			);
			defaultConfigurationIsVisible = 0;
			defaultConfigurationName = Release;
		};
/* End XCConfigurationList section */
	};
	rootObject = 3D0CC8A6138C9E5800772BAF /* Project object */;
}
