// !$*UTF8*$!
{
	archiveVersion = 1;
	classes = {
	};
	objectVersion = 46;
	objects = {

/* Begin PBXBuildFile section */
		3D0CC861138C69D900772BAF /* UIKit.framework in Frameworks */ = {isa = PBXBuildFile; fileRef = 3D0CC860138C69D900772BAF /* UIKit.framework */; };
		3D0CC863138C69D900772BAF /* Foundation.framework in Frameworks */ = {isa = PBXBuildFile; fileRef = 3D0CC862138C69D900772BAF /* Foundation.framework */; };
		3D0CC865138C69D900772BAF /* CoreGraphics.framework in Frameworks */ = {isa = PBXBuildFile; fileRef = 3D0CC864138C69D900772BAF /* CoreGraphics.framework */; };
		3D0CC86B138C69D900772BAF /* InfoPlist.strings in Resources */ = {isa = PBXBuildFile; fileRef = 3D0CC869138C69D900772BAF /* InfoPlist.strings */; };
		3D0CC86E138C69D900772BAF /* main.m in Sources */ = {isa = PBXBuildFile; fileRef = 3D0CC86D138C69D900772BAF /* main.m */; };
		3D0CC871138C69D900772BAF /* IkhoyoAppDelegate.m in Sources */ = {isa = PBXBuildFile; fileRef = 3D0CC870138C69D900772BAF /* IkhoyoAppDelegate.m */; };
		3D0CC874138C69D900772BAF /* MainWindow.xib in Resources */ = {isa = PBXBuildFile; fileRef = 3D0CC872138C69D900772BAF /* MainWindow.xib */; };
		3D0CC877138C69D900772BAF /* DetailViewController.m in Sources */ = {isa = PBXBuildFile; fileRef = 3D0CC876138C69D900772BAF /* DetailViewController.m */; };
		3D0CC87D138C69D900772BAF /* RootViewController.m in Sources */ = {isa = PBXBuildFile; fileRef = 3D0CC87C138C69D900772BAF /* RootViewController.m */; };
		3D0CC885138C74E300772BAF /* home.png in Resources */ = {isa = PBXBuildFile; fileRef = 3D0CC884138C74E300772BAF /* home.png */; };
		3D0CC8D3138CD36800772BAF /* libikhoyo-ui.a in Frameworks */ = {isa = PBXBuildFile; fileRef = 3D0CC8D2138CD36800772BAF /* libikhoyo-ui.a */; settings = {ATTRIBUTES = (Required, ); }; };
		3D0CC8D6138DCDE200772BAF /* IkhoyoHomeTableViewController.m in Sources */ = {isa = PBXBuildFile; fileRef = 3D0CC8D5138DCDE100772BAF /* IkhoyoHomeTableViewController.m */; };
		3D0F8AF9139C2E4900B7A73C /* libikhoyo-sqlite.a in Frameworks */ = {isa = PBXBuildFile; fileRef = 3D0F8AF8139C2E4900B7A73C /* libikhoyo-sqlite.a */; };
		3D9F222B13B584F8003CA19A /* QuartzCore.framework in Frameworks */ = {isa = PBXBuildFile; fileRef = 3D9F222A13B584F8003CA19A /* QuartzCore.framework */; };
		3D9F223313B58E93003CA19A /* libikhoyo-net.a in Frameworks */ = {isa = PBXBuildFile; fileRef = 3D9F223213B58E93003CA19A /* libikhoyo-net.a */; };
		3D9F223B13B58FC3003CA19A /* MobileCoreServices.framework in Frameworks */ = {isa = PBXBuildFile; fileRef = 3D9F223A13B58FC3003CA19A /* MobileCoreServices.framework */; };
		3DBF08E313B65899007C403F /* libikhoyo-socrata.a in Frameworks */ = {isa = PBXBuildFile; fileRef = 3DBF08E213B65899007C403F /* libikhoyo-socrata.a */; };
		3DBF095713B7AEC2007C403F /* libikhoyo-jsonkit.a in Frameworks */ = {isa = PBXBuildFile; fileRef = 3DBF095613B7AEC2007C403F /* libikhoyo-jsonkit.a */; };
		3DBF096013B9579B007C403F /* SocrataViewController.m in Sources */ = {isa = PBXBuildFile; fileRef = 3DBF095E13B9579B007C403F /* SocrataViewController.m */; };
		3DBF096113B9579B007C403F /* SocrataViewController.xib in Resources */ = {isa = PBXBuildFile; fileRef = 3DBF095F13B9579B007C403F /* SocrataViewController.xib */; };
		3DBF096413B958C2007C403F /* SocrataTableViewController.m in Sources */ = {isa = PBXBuildFile; fileRef = 3DBF096313B958C1007C403F /* SocrataTableViewController.m */; };
		3DEF20C41390B888001CF2FA /* ikhoyo.png in Resources */ = {isa = PBXBuildFile; fileRef = 3DEF20C31390B888001CF2FA /* ikhoyo.png */; };
		3DF7A5E7138DD5C300B28F22 /* SampleWebView.m in Sources */ = {isa = PBXBuildFile; fileRef = 3DF7A5E5138DD5C300B28F22 /* SampleWebView.m */; };
		3DF7A5E8138DD5C300B28F22 /* SampleWebView.xib in Resources */ = {isa = PBXBuildFile; fileRef = 3DF7A5E6138DD5C300B28F22 /* SampleWebView.xib */; };
		3DF7A654138DEB1700B28F22 /* SampleWebViewContext.m in Sources */ = {isa = PBXBuildFile; fileRef = 3DF7A653138DEB1600B28F22 /* SampleWebViewContext.m */; };
		3DF7A656138DF19B00B28F22 /* www.png in Resources */ = {isa = PBXBuildFile; fileRef = 3DF7A655138DF19B00B28F22 /* www.png */; };
		3DF7A65813908BD200B28F22 /* xcode-resources in Resources */ = {isa = PBXBuildFile; fileRef = 3DF7A65713908BD200B28F22 /* xcode-resources */; };
/* End PBXBuildFile section */

/* Begin PBXFileReference section */
		3D0CC85C138C69D900772BAF /* ikhoyo-top.app */ = {isa = PBXFileReference; explicitFileType = wrapper.application; includeInIndex = 0; path = "ikhoyo-top.app"; sourceTree = BUILT_PRODUCTS_DIR; };
		3D0CC860138C69D900772BAF /* UIKit.framework */ = {isa = PBXFileReference; lastKnownFileType = wrapper.framework; name = UIKit.framework; path = System/Library/Frameworks/UIKit.framework; sourceTree = SDKROOT; };
		3D0CC862138C69D900772BAF /* Foundation.framework */ = {isa = PBXFileReference; lastKnownFileType = wrapper.framework; name = Foundation.framework; path = System/Library/Frameworks/Foundation.framework; sourceTree = SDKROOT; };
		3D0CC864138C69D900772BAF /* CoreGraphics.framework */ = {isa = PBXFileReference; lastKnownFileType = wrapper.framework; name = CoreGraphics.framework; path = System/Library/Frameworks/CoreGraphics.framework; sourceTree = SDKROOT; };
		3D0CC868138C69D900772BAF /* ikhoyo-top-Info.plist */ = {isa = PBXFileReference; lastKnownFileType = text.plist.xml; path = "ikhoyo-top-Info.plist"; sourceTree = "<group>"; };
		3D0CC86A138C69D900772BAF /* en */ = {isa = PBXFileReference; lastKnownFileType = text.plist.strings; name = en; path = en.lproj/InfoPlist.strings; sourceTree = "<group>"; };
		3D0CC86C138C69D900772BAF /* ikhoyo-top-Prefix.pch */ = {isa = PBXFileReference; lastKnownFileType = sourcecode.c.h; path = "ikhoyo-top-Prefix.pch"; sourceTree = "<group>"; };
		3D0CC86D138C69D900772BAF /* main.m */ = {isa = PBXFileReference; lastKnownFileType = sourcecode.c.objc; path = main.m; sourceTree = "<group>"; };
		3D0CC86F138C69D900772BAF /* IkhoyoAppDelegate.h */ = {isa = PBXFileReference; lastKnownFileType = sourcecode.c.h; path = IkhoyoAppDelegate.h; sourceTree = "<group>"; };
		3D0CC870138C69D900772BAF /* IkhoyoAppDelegate.m */ = {isa = PBXFileReference; lastKnownFileType = sourcecode.c.objc; path = IkhoyoAppDelegate.m; sourceTree = "<group>"; };
		3D0CC873138C69D900772BAF /* en */ = {isa = PBXFileReference; lastKnownFileType = file.xib; name = en; path = en.lproj/MainWindow.xib; sourceTree = "<group>"; };
		3D0CC875138C69D900772BAF /* DetailViewController.h */ = {isa = PBXFileReference; lastKnownFileType = sourcecode.c.h; path = DetailViewController.h; sourceTree = "<group>"; };
		3D0CC876138C69D900772BAF /* DetailViewController.m */ = {isa = PBXFileReference; lastKnownFileType = sourcecode.c.objc; path = DetailViewController.m; sourceTree = "<group>"; };
		3D0CC87B138C69D900772BAF /* RootViewController.h */ = {isa = PBXFileReference; lastKnownFileType = sourcecode.c.h; path = RootViewController.h; sourceTree = "<group>"; };
		3D0CC87C138C69D900772BAF /* RootViewController.m */ = {isa = PBXFileReference; lastKnownFileType = sourcecode.c.objc; path = RootViewController.m; sourceTree = "<group>"; };
		3D0CC884138C74E300772BAF /* home.png */ = {isa = PBXFileReference; lastKnownFileType = image.png; path = home.png; sourceTree = "<group>"; };
		3D0CC8D2138CD36800772BAF /* libikhoyo-ui.a */ = {isa = PBXFileReference; explicitFileType = archive.ar; path = "libikhoyo-ui.a"; sourceTree = SOURCE_ROOT; };
		3D0CC8D4138DCDE000772BAF /* IkhoyoHomeTableViewController.h */ = {isa = PBXFileReference; fileEncoding = 4; lastKnownFileType = sourcecode.c.h; path = IkhoyoHomeTableViewController.h; sourceTree = "<group>"; };
		3D0CC8D5138DCDE100772BAF /* IkhoyoHomeTableViewController.m */ = {isa = PBXFileReference; fileEncoding = 4; lastKnownFileType = sourcecode.c.objc; path = IkhoyoHomeTableViewController.m; sourceTree = "<group>"; };
		3D0F8AF8139C2E4900B7A73C /* libikhoyo-sqlite.a */ = {isa = PBXFileReference; explicitFileType = archive.ar; path = "libikhoyo-sqlite.a"; sourceTree = SOURCE_ROOT; };
		3D9F222A13B584F8003CA19A /* QuartzCore.framework */ = {isa = PBXFileReference; lastKnownFileType = wrapper.framework; name = QuartzCore.framework; path = System/Library/Frameworks/QuartzCore.framework; sourceTree = SDKROOT; };
		3D9F223213B58E93003CA19A /* libikhoyo-net.a */ = {isa = PBXFileReference; explicitFileType = archive.ar; path = "libikhoyo-net.a"; sourceTree = SOURCE_ROOT; };
		3D9F223A13B58FC3003CA19A /* MobileCoreServices.framework */ = {isa = PBXFileReference; lastKnownFileType = wrapper.framework; name = MobileCoreServices.framework; path = System/Library/Frameworks/MobileCoreServices.framework; sourceTree = SDKROOT; };
		3DBF08E213B65899007C403F /* libikhoyo-socrata.a */ = {isa = PBXFileReference; explicitFileType = archive.ar; path = "libikhoyo-socrata.a"; sourceTree = SOURCE_ROOT; };
		3DBF095613B7AEC2007C403F /* libikhoyo-jsonkit.a */ = {isa = PBXFileReference; explicitFileType = archive.ar; path = "libikhoyo-jsonkit.a"; sourceTree = SOURCE_ROOT; };
		3DBF095D13B9579B007C403F /* SocrataViewController.h */ = {isa = PBXFileReference; fileEncoding = 4; lastKnownFileType = sourcecode.c.h; path = SocrataViewController.h; sourceTree = "<group>"; };
		3DBF095E13B9579B007C403F /* SocrataViewController.m */ = {isa = PBXFileReference; fileEncoding = 4; lastKnownFileType = sourcecode.c.objc; path = SocrataViewController.m; sourceTree = "<group>"; };
		3DBF095F13B9579B007C403F /* SocrataViewController.xib */ = {isa = PBXFileReference; fileEncoding = 4; lastKnownFileType = file.xib; path = SocrataViewController.xib; sourceTree = "<group>"; };
		3DBF096213B958C1007C403F /* SocrataTableViewController.h */ = {isa = PBXFileReference; fileEncoding = 4; lastKnownFileType = sourcecode.c.h; path = SocrataTableViewController.h; sourceTree = "<group>"; };
		3DBF096313B958C1007C403F /* SocrataTableViewController.m */ = {isa = PBXFileReference; fileEncoding = 4; lastKnownFileType = sourcecode.c.objc; path = SocrataTableViewController.m; sourceTree = "<group>"; };
		3DEF20C31390B888001CF2FA /* ikhoyo.png */ = {isa = PBXFileReference; lastKnownFileType = image.png; path = ikhoyo.png; sourceTree = "<group>"; };
		3DF7A5E4138DD5C300B28F22 /* SampleWebView.h */ = {isa = PBXFileReference; fileEncoding = 4; lastKnownFileType = sourcecode.c.h; path = SampleWebView.h; sourceTree = "<group>"; };
		3DF7A5E5138DD5C300B28F22 /* SampleWebView.m */ = {isa = PBXFileReference; fileEncoding = 4; lastKnownFileType = sourcecode.c.objc; path = SampleWebView.m; sourceTree = "<group>"; };
		3DF7A5E6138DD5C300B28F22 /* SampleWebView.xib */ = {isa = PBXFileReference; fileEncoding = 4; lastKnownFileType = file.xib; path = SampleWebView.xib; sourceTree = "<group>"; };
		3DF7A652138DEB1600B28F22 /* SampleWebViewContext.h */ = {isa = PBXFileReference; fileEncoding = 4; lastKnownFileType = sourcecode.c.h; path = SampleWebViewContext.h; sourceTree = "<group>"; };
		3DF7A653138DEB1600B28F22 /* SampleWebViewContext.m */ = {isa = PBXFileReference; fileEncoding = 4; lastKnownFileType = sourcecode.c.objc; path = SampleWebViewContext.m; sourceTree = "<group>"; };
		3DF7A655138DF19B00B28F22 /* www.png */ = {isa = PBXFileReference; lastKnownFileType = image.png; path = www.png; sourceTree = "<group>"; };
		3DF7A65713908BD200B28F22 /* xcode-resources */ = {isa = PBXFileReference; lastKnownFileType = folder; path = "xcode-resources"; sourceTree = "<group>"; };
/* End PBXFileReference section */

/* Begin PBXFrameworksBuildPhase section */
		3D0CC859138C69D900772BAF /* Frameworks */ = {
			isa = PBXFrameworksBuildPhase;
			buildActionMask = 2147483647;
			files = (
				3DBF095713B7AEC2007C403F /* libikhoyo-jsonkit.a in Frameworks */,
				3DBF08E313B65899007C403F /* libikhoyo-socrata.a in Frameworks */,
				3D9F223B13B58FC3003CA19A /* MobileCoreServices.framework in Frameworks */,
				3D9F223313B58E93003CA19A /* libikhoyo-net.a in Frameworks */,
				3D9F222B13B584F8003CA19A /* QuartzCore.framework in Frameworks */,
				3D0F8AF9139C2E4900B7A73C /* libikhoyo-sqlite.a in Frameworks */,
				3D0CC8D3138CD36800772BAF /* libikhoyo-ui.a in Frameworks */,
				3D0CC861138C69D900772BAF /* UIKit.framework in Frameworks */,
				3D0CC863138C69D900772BAF /* Foundation.framework in Frameworks */,
				3D0CC865138C69D900772BAF /* CoreGraphics.framework in Frameworks */,
			);
			runOnlyForDeploymentPostprocessing = 0;
		};
/* End PBXFrameworksBuildPhase section */

/* Begin PBXGroup section */
		3D0CC851138C69D900772BAF = {
			isa = PBXGroup;
			children = (
				3DEF20C31390B888001CF2FA /* ikhoyo.png */,
				3DF7A65713908BD200B28F22 /* xcode-resources */,
				3D0CC883138C743F00772BAF /* icons */,
				3D0CC866138C69D900772BAF /* ikhoyo-top */,
				3D9F222D13B58585003CA19A /* Libraries */,
				3D0CC85F138C69D900772BAF /* Frameworks */,
				3D0CC85D138C69D900772BAF /* Products */,
			);
			sourceTree = "<group>";
		};
		3D0CC85D138C69D900772BAF /* Products */ = {
			isa = PBXGroup;
			children = (
				3D0CC85C138C69D900772BAF /* ikhoyo-top.app */,
			);
			name = Products;
			sourceTree = "<group>";
		};
		3D0CC85F138C69D900772BAF /* Frameworks */ = {
			isa = PBXGroup;
			children = (
				3D9F223A13B58FC3003CA19A /* MobileCoreServices.framework */,
				3D9F222A13B584F8003CA19A /* QuartzCore.framework */,
				3D0CC860138C69D900772BAF /* UIKit.framework */,
				3D0CC862138C69D900772BAF /* Foundation.framework */,
				3D0CC864138C69D900772BAF /* CoreGraphics.framework */,
			);
			name = Frameworks;
			sourceTree = "<group>";
		};
		3D0CC866138C69D900772BAF /* ikhoyo-top */ = {
			isa = PBXGroup;
			children = (
				3D0CC867138C69D900772BAF /* Supporting Files */,
				3D0CC86F138C69D900772BAF /* IkhoyoAppDelegate.h */,
				3D0CC870138C69D900772BAF /* IkhoyoAppDelegate.m */,
				3D0CC872138C69D900772BAF /* MainWindow.xib */,
				3D0CC875138C69D900772BAF /* DetailViewController.h */,
				3D0CC876138C69D900772BAF /* DetailViewController.m */,
				3D0CC87B138C69D900772BAF /* RootViewController.h */,
				3D0CC87C138C69D900772BAF /* RootViewController.m */,
				3D0CC8D4138DCDE000772BAF /* IkhoyoHomeTableViewController.h */,
				3D0CC8D5138DCDE100772BAF /* IkhoyoHomeTableViewController.m */,
				3DF7A5E4138DD5C300B28F22 /* SampleWebView.h */,
				3DF7A5E5138DD5C300B28F22 /* SampleWebView.m */,
				3DF7A5E6138DD5C300B28F22 /* SampleWebView.xib */,
				3DF7A652138DEB1600B28F22 /* SampleWebViewContext.h */,
				3DF7A653138DEB1600B28F22 /* SampleWebViewContext.m */,
				3DBF095D13B9579B007C403F /* SocrataViewController.h */,
				3DBF095E13B9579B007C403F /* SocrataViewController.m */,
				3DBF095F13B9579B007C403F /* SocrataViewController.xib */,
				3DBF096213B958C1007C403F /* SocrataTableViewController.h */,
				3DBF096313B958C1007C403F /* SocrataTableViewController.m */,
			);
			path = "ikhoyo-top";
			sourceTree = "<group>";
		};
		3D0CC867138C69D900772BAF /* Supporting Files */ = {
			isa = PBXGroup;
			children = (
				3D0CC868138C69D900772BAF /* ikhoyo-top-Info.plist */,
				3D0CC869138C69D900772BAF /* InfoPlist.strings */,
				3D0CC86C138C69D900772BAF /* ikhoyo-top-Prefix.pch */,
				3D0CC86D138C69D900772BAF /* main.m */,
			);
			name = "Supporting Files";
			sourceTree = "<group>";
		};
		3D0CC883138C743F00772BAF /* icons */ = {
			isa = PBXGroup;
			children = (
				3DF7A655138DF19B00B28F22 /* www.png */,
				3D0CC884138C74E300772BAF /* home.png */,
			);
			name = icons;
			sourceTree = "<group>";
		};
		3D9F222D13B58585003CA19A /* Libraries */ = {
			isa = PBXGroup;
			children = (
				3DBF095613B7AEC2007C403F /* libikhoyo-jsonkit.a */,
				3DBF08E213B65899007C403F /* libikhoyo-socrata.a */,
				3D9F223213B58E93003CA19A /* libikhoyo-net.a */,
				3D0CC8D2138CD36800772BAF /* libikhoyo-ui.a */,
				3D0F8AF8139C2E4900B7A73C /* libikhoyo-sqlite.a */,
			);
			name = Libraries;
			sourceTree = "<group>";
		};
/* End PBXGroup section */

/* Begin PBXNativeTarget section */
		3D0CC85B138C69D900772BAF /* ikhoyo-top */ = {
			isa = PBXNativeTarget;
			buildConfigurationList = 3D0CC880138C69D900772BAF /* Build configuration list for PBXNativeTarget "ikhoyo-top" */;
			buildPhases = (
				3D0CC858138C69D900772BAF /* Sources */,
				3D0CC859138C69D900772BAF /* Frameworks */,
				3D0CC85A138C69D900772BAF /* Resources */,
			);
			buildRules = (
			);
			dependencies = (
			);
			name = "ikhoyo-top";
			productName = "ikhoyo-top";
			productReference = 3D0CC85C138C69D900772BAF /* ikhoyo-top.app */;
			productType = "com.apple.product-type.application";
		};
/* End PBXNativeTarget section */

/* Begin PBXProject section */
		3D0CC853138C69D900772BAF /* Project object */ = {
			isa = PBXProject;
			attributes = {
				ORGANIZATIONNAME = Ikhoyo;
			};
			buildConfigurationList = 3D0CC856138C69D900772BAF /* Build configuration list for PBXProject "ikhoyo-top" */;
			compatibilityVersion = "Xcode 3.2";
			developmentRegion = English;
			hasScannedForEncodings = 0;
			knownRegions = (
				en,
			);
			mainGroup = 3D0CC851138C69D900772BAF;
			productRefGroup = 3D0CC85D138C69D900772BAF /* Products */;
			projectDirPath = "";
			projectRoot = "";
			targets = (
				3D0CC85B138C69D900772BAF /* ikhoyo-top */,
			);
		};
/* End PBXProject section */

/* Begin PBXResourcesBuildPhase section */
		3D0CC85A138C69D900772BAF /* Resources */ = {
			isa = PBXResourcesBuildPhase;
			buildActionMask = 2147483647;
			files = (
				3D0CC86B138C69D900772BAF /* InfoPlist.strings in Resources */,
				3D0CC874138C69D900772BAF /* MainWindow.xib in Resources */,
				3D0CC885138C74E300772BAF /* home.png in Resources */,
				3DF7A5E8138DD5C300B28F22 /* SampleWebView.xib in Resources */,
				3DF7A656138DF19B00B28F22 /* www.png in Resources */,
				3DF7A65813908BD200B28F22 /* xcode-resources in Resources */,
				3DEF20C41390B888001CF2FA /* ikhoyo.png in Resources */,
				3DBF096113B9579B007C403F /* SocrataViewController.xib in Resources */,
			);
			runOnlyForDeploymentPostprocessing = 0;
		};
/* End PBXResourcesBuildPhase section */

/* Begin PBXSourcesBuildPhase section */
		3D0CC858138C69D900772BAF /* Sources */ = {
			isa = PBXSourcesBuildPhase;
			buildActionMask = 2147483647;
			files = (
				3D0CC86E138C69D900772BAF /* main.m in Sources */,
				3D0CC871138C69D900772BAF /* IkhoyoAppDelegate.m in Sources */,
				3D0CC877138C69D900772BAF /* DetailViewController.m in Sources */,
				3D0CC87D138C69D900772BAF /* RootViewController.m in Sources */,
				3D0CC8D6138DCDE200772BAF /* IkhoyoHomeTableViewController.m in Sources */,
				3DF7A5E7138DD5C300B28F22 /* SampleWebView.m in Sources */,
				3DF7A654138DEB1700B28F22 /* SampleWebViewContext.m in Sources */,
				3DBF096013B9579B007C403F /* SocrataViewController.m in Sources */,
				3DBF096413B958C2007C403F /* SocrataTableViewController.m in Sources */,
			);
			runOnlyForDeploymentPostprocessing = 0;
		};
/* End PBXSourcesBuildPhase section */

/* Begin PBXVariantGroup section */
		3D0CC869138C69D900772BAF /* InfoPlist.strings */ = {
			isa = PBXVariantGroup;
			children = (
				3D0CC86A138C69D900772BAF /* en */,
			);
			name = InfoPlist.strings;
			sourceTree = "<group>";
		};
		3D0CC872138C69D900772BAF /* MainWindow.xib */ = {
			isa = PBXVariantGroup;
			children = (
				3D0CC873138C69D900772BAF /* en */,
			);
			name = MainWindow.xib;
			sourceTree = "<group>";
		};
/* End PBXVariantGroup section */

/* Begin XCBuildConfiguration section */
		3D0CC87E138C69D900772BAF /* Debug */ = {
			isa = XCBuildConfiguration;
			buildSettings = {
				ARCHS = "$(ARCHS_UNIVERSAL_IPHONE_OS)";
				"CODE_SIGN_IDENTITY[sdk=iphoneos*]" = "iPhone Developer";
				GCC_C_LANGUAGE_STANDARD = gnu99;
				GCC_OPTIMIZATION_LEVEL = 0;
				GCC_PREPROCESSOR_DEFINITIONS = DEBUG;
				GCC_SYMBOLS_PRIVATE_EXTERN = NO;
				GCC_VERSION = com.apple.compilers.llvmgcc42;
				GCC_WARN_ABOUT_RETURN_TYPE = YES;
				GCC_WARN_UNUSED_VARIABLE = YES;
				IPHONEOS_DEPLOYMENT_TARGET = 4.3;
				OTHER_LDFLAGS = (
					"-ObjC",
					"-all_load",
				);
				SDKROOT = iphoneos;
				TARGETED_DEVICE_FAMILY = 2;
			};
			name = Debug;
		};
		3D0CC87F138C69D900772BAF /* Release */ = {
			isa = XCBuildConfiguration;
			buildSettings = {
				ARCHS = "$(ARCHS_UNIVERSAL_IPHONE_OS)";
				"CODE_SIGN_IDENTITY[sdk=iphoneos*]" = "iPhone Developer";
				GCC_C_LANGUAGE_STANDARD = gnu99;
				GCC_VERSION = com.apple.compilers.llvmgcc42;
				GCC_WARN_ABOUT_RETURN_TYPE = YES;
				GCC_WARN_UNUSED_VARIABLE = YES;
				IPHONEOS_DEPLOYMENT_TARGET = 4.3;
				OTHER_CFLAGS = "-DNS_BLOCK_ASSERTIONS=1";
				OTHER_LDFLAGS = (
					"-ObjC",
					"-all_load",
				);
				SDKROOT = iphoneos;
				TARGETED_DEVICE_FAMILY = 2;
			};
			name = Release;
		};
		3D0CC881138C69D900772BAF /* Debug */ = {
			isa = XCBuildConfiguration;
			buildSettings = {
				ALWAYS_SEARCH_USER_PATHS = NO;
				COPY_PHASE_STRIP = NO;
				GCC_DYNAMIC_NO_PIC = NO;
				GCC_PRECOMPILE_PREFIX_HEADER = YES;
				GCC_PREFIX_HEADER = "ikhoyo-top/ikhoyo-top-Prefix.pch";
				HEADER_SEARCH_PATHS = (
					"../ikhoyo-ui/**",
					"../ikhoyo-sqlite/**",
					"../ikhoyo-net/**",
					"../ikhoyo-socrata/**",
					"../ikhoyo-jsonkit/**",
				);
				INFOPLIST_FILE = "ikhoyo-top/ikhoyo-top-Info.plist";
				LIBRARY_SEARCH_PATHS = (
					"$(inherited)",
					"\"$(SRCROOT)\"",
				);
				PRODUCT_NAME = "$(TARGET_NAME)";
				WRAPPER_EXTENSION = app;
			};
			name = Debug;
		};
		3D0CC882138C69D900772BAF /* Release */ = {
			isa = XCBuildConfiguration;
			buildSettings = {
				ALWAYS_SEARCH_USER_PATHS = NO;
				COPY_PHASE_STRIP = YES;
				GCC_PRECOMPILE_PREFIX_HEADER = YES;
				GCC_PREFIX_HEADER = "ikhoyo-top/ikhoyo-top-Prefix.pch";
				HEADER_SEARCH_PATHS = (
					"../ikhoyo-ui/**",
					"../ikhoyo-sqlite/**",
					"../ikhoyo-net/**",
					"../ikhoyo-socrata/**",
					"../ikhoyo-jsonkit/**",
				);
				INFOPLIST_FILE = "ikhoyo-top/ikhoyo-top-Info.plist";
				LIBRARY_SEARCH_PATHS = (
					"$(inherited)",
					"\"$(SRCROOT)\"",
				);
				PRODUCT_NAME = "$(TARGET_NAME)";
				VALIDATE_PRODUCT = YES;
				WRAPPER_EXTENSION = app;
			};
			name = Release;
		};
/* End XCBuildConfiguration section */

/* Begin XCConfigurationList section */
		3D0CC856138C69D900772BAF /* Build configuration list for PBXProject "ikhoyo-top" */ = {
			isa = XCConfigurationList;
			buildConfigurations = (
				3D0CC87E138C69D900772BAF /* Debug */,
				3D0CC87F138C69D900772BAF /* Release */,
			);
			defaultConfigurationIsVisible = 0;
			defaultConfigurationName = Release;
		};
		3D0CC880138C69D900772BAF /* Build configuration list for PBXNativeTarget "ikhoyo-top" */ = {
			isa = XCConfigurationList;
			buildConfigurations = (
				3D0CC881138C69D900772BAF /* Debug */,
				3D0CC882138C69D900772BAF /* Release */,
			);
			defaultConfigurationIsVisible = 0;
			defaultConfigurationName = Release;
		};
/* End XCConfigurationList section */
	};
	rootObject = 3D0CC853138C69D900772BAF /* Project object */;
}
